
Microsoft Visual Studio Solution File, Format Version 12.00
# Visual Studio Version 17
VisualStudioVersion = 17.9.34701.34
MinimumVisualStudioVersion = 10.0.40219.1
Project("{FAE04EC0-301F-11D3-BF4B-00C04F79EFBC}") = "Online Job Portal", "Online Job Portal\Online Job Portal.csproj", "{9C884320-B836-450F-835B-7BB91EAB6062}"
EndProject
Global
	GlobalSection(SolutionConfigurationPlatforms) = preSolution
		Debug|Any CPU = Debug|Any CPU
		Release|Any CPU = Release|Any CPU
	EndGlobalSection
	GlobalSection(ProjectConfigurationPlatforms) = postSolution
		{9C884320-B836-450F-835B-7BB91EAB6062}.Debug|Any CPU.ActiveCfg = Debug|Any CPU
		{9C884320-B836-450F-835B-7BB91EAB6062}.Debug|Any CPU.Build.0 = Debug|Any CPU
		{9C884320-B836-450F-835B-7BB91EAB6062}.Release|Any CPU.ActiveCfg = Release|Any CPU
		{9C884320-B836-450F-835B-7BB91EAB6062}.Release|Any CPU.Build.0 = Release|Any CPU
	EndGlobalSection
	GlobalSection(SolutionProperties) = preSolution
		HideSolutionNode = FALSE
	EndGlobalSection
	GlobalSection(ExtensibilityGlobals) = postSolution
		SolutionGuid = {74ED209E-33A5-467B-B379-FAF014FF5A3A}
	EndGlobalSection
EndGlobal
